// !$*UTF8*$!
{
	archiveVersion = 1;
	classes = {
	};
	objectVersion = 55;
	objects = {

/* Begin PBXBuildFile section */
		527666AC28D1241F0040ED49 /* WavetherApp.swift in Sources */ = {isa = PBXBuildFile; fileRef = 527666AB28D1241F0040ED49 /* WavetherApp.swift */; };
		527666AE28D1241F0040ED49 /* ContentView.swift in Sources */ = {isa = PBXBuildFile; fileRef = 527666AD28D1241F0040ED49 /* ContentView.swift */; };
		527666B028D1241F0040ED49 /* Assets.xcassets in Resources */ = {isa = PBXBuildFile; fileRef = 527666AF28D1241F0040ED49 /* Assets.xcassets */; };
		527666B328D1241F0040ED49 /* Preview Assets.xcassets in Resources */ = {isa = PBXBuildFile; fileRef = 527666B228D1241F0040ED49 /* Preview Assets.xcassets */; };
		527666BB28D12D7D0040ED49 /* Waves.swift in Sources */ = {isa = PBXBuildFile; fileRef = 527666BA28D12D7D0040ED49 /* Waves.swift */; };
		527666BE28D130F10040ED49 /* WeatherService.swift in Sources */ = {isa = PBXBuildFile; fileRef = 527666BD28D130F10040ED49 /* WeatherService.swift */; };
		529A0C2128D23BDC00C5369B /* WeatherView.swift in Sources */ = {isa = PBXBuildFile; fileRef = 529A0C2028D23BDC00C5369B /* WeatherView.swift */; };
		529A0C2328D23DFA00C5369B /* Extensions.swift in Sources */ = {isa = PBXBuildFile; fileRef = 529A0C2228D23DFA00C5369B /* Extensions.swift */; };
		529A0C2628D2424A00C5369B /* ModelData.swift in Sources */ = {isa = PBXBuildFile; fileRef = 529A0C2528D2424A00C5369B /* ModelData.swift */; };
		529A0C2A28D242B500C5369B /* weatherData.json in Resources */ = {isa = PBXBuildFile; fileRef = 529A0C2928D242B500C5369B /* weatherData.json */; };
/* End PBXBuildFile section */

/* Begin PBXFileReference section */
		527666A828D1241F0040ED49 /* Wavether.app */ = {isa = PBXFileReference; explicitFileType = wrapper.application; includeInIndex = 0; path = Wavether.app; sourceTree = BUILT_PRODUCTS_DIR; };
		527666AB28D1241F0040ED49 /* WavetherApp.swift */ = {isa = PBXFileReference; lastKnownFileType = sourcecode.swift; path = WavetherApp.swift; sourceTree = "<group>"; };
		527666AD28D1241F0040ED49 /* ContentView.swift */ = {isa = PBXFileReference; lastKnownFileType = sourcecode.swift; path = ContentView.swift; sourceTree = "<group>"; };
		527666AF28D1241F0040ED49 /* Assets.xcassets */ = {isa = PBXFileReference; lastKnownFileType = folder.assetcatalog; path = Assets.xcassets; sourceTree = "<group>"; };
		527666B228D1241F0040ED49 /* Preview Assets.xcassets */ = {isa = PBXFileReference; lastKnownFileType = folder.assetcatalog; path = "Preview Assets.xcassets"; sourceTree = "<group>"; };
		527666BA28D12D7D0040ED49 /* Waves.swift */ = {isa = PBXFileReference; lastKnownFileType = sourcecode.swift; path = Waves.swift; sourceTree = "<group>"; };
		527666BD28D130F10040ED49 /* WeatherService.swift */ = {isa = PBXFileReference; lastKnownFileType = sourcecode.swift; path = WeatherService.swift; sourceTree = "<group>"; };
		529A0C2028D23BDC00C5369B /* WeatherView.swift */ = {isa = PBXFileReference; lastKnownFileType = sourcecode.swift; path = WeatherView.swift; sourceTree = "<group>"; };
		529A0C2228D23DFA00C5369B /* Extensions.swift */ = {isa = PBXFileReference; lastKnownFileType = sourcecode.swift; path = Extensions.swift; sourceTree = "<group>"; };
		529A0C2528D2424A00C5369B /* ModelData.swift */ = {isa = PBXFileReference; lastKnownFileType = sourcecode.swift; path = ModelData.swift; sourceTree = "<group>"; };
		529A0C2928D242B500C5369B /* weatherData.json */ = {isa = PBXFileReference; lastKnownFileType = text.json; path = weatherData.json; sourceTree = "<group>"; };
/* End PBXFileReference section */

/* Begin PBXFrameworksBuildPhase section */
		527666A528D1241F0040ED49 /* Frameworks */ = {
			isa = PBXFrameworksBuildPhase;
			buildActionMask = 2147483647;
			files = (
			);
			runOnlyForDeploymentPostprocessing = 0;
		};
/* End PBXFrameworksBuildPhase section */

/* Begin PBXGroup section */
		5276669F28D1241F0040ED49 = {
			isa = PBXGroup;
			children = (
				527666AA28D1241F0040ED49 /* Wavether */,
				527666A928D1241F0040ED49 /* Products */,
			);
			sourceTree = "<group>";
		};
		527666A928D1241F0040ED49 /* Products */ = {
			isa = PBXGroup;
			children = (
				527666A828D1241F0040ED49 /* Wavether.app */,
			);
			name = Products;
			sourceTree = "<group>";
		};
		527666AA28D1241F0040ED49 /* Wavether */ = {
			isa = PBXGroup;
			children = (
				529A0C1F28D23BCA00C5369B /* Views */,
				527666BC28D130E30040ED49 /* Services */,
				527666B928D12D570040ED49 /* Components */,
				527666AB28D1241F0040ED49 /* WavetherApp.swift */,
				527666AD28D1241F0040ED49 /* ContentView.swift */,
				527666AF28D1241F0040ED49 /* Assets.xcassets */,
				527666B128D1241F0040ED49 /* Preview Content */,
				529A0C2228D23DFA00C5369B /* Extensions.swift */,
			);
			path = Wavether;
			sourceTree = "<group>";
		};
		527666B128D1241F0040ED49 /* Preview Content */ = {
			isa = PBXGroup;
			children = (
				527666B228D1241F0040ED49 /* Preview Assets.xcassets */,
				529A0C2528D2424A00C5369B /* ModelData.swift */,
				529A0C2928D242B500C5369B /* weatherData.json */,
			);
			path = "Preview Content";
			sourceTree = "<group>";
		};
		527666B928D12D570040ED49 /* Components */ = {
			isa = PBXGroup;
			children = (
				527666BA28D12D7D0040ED49 /* Waves.swift */,
			);
			path = Components;
			sourceTree = "<group>";
		};
		527666BC28D130E30040ED49 /* Services */ = {
			isa = PBXGroup;
			children = (
				527666BD28D130F10040ED49 /* WeatherService.swift */,
			);
			path = Services;
			sourceTree = "<group>";
		};
		529A0C1F28D23BCA00C5369B /* Views */ = {
			isa = PBXGroup;
			children = (
				529A0C2028D23BDC00C5369B /* WeatherView.swift */,
			);
			path = Views;
			sourceTree = "<group>";
		};
/* End PBXGroup section */

/* Begin PBXNativeTarget section */
		527666A728D1241F0040ED49 /* Wavether */ = {
			isa = PBXNativeTarget;
			buildConfigurationList = 527666B628D1241F0040ED49 /* Build configuration list for PBXNativeTarget "Wavether" */;
			buildPhases = (
				527666A428D1241F0040ED49 /* Sources */,
				527666A528D1241F0040ED49 /* Frameworks */,
				527666A628D1241F0040ED49 /* Resources */,
			);
			buildRules = (
			);
			dependencies = (
			);
			name = Wavether;
			productName = Wavether;
			productReference = 527666A828D1241F0040ED49 /* Wavether.app */;
			productType = "com.apple.product-type.application";
		};
/* End PBXNativeTarget section */

/* Begin PBXProject section */
		527666A028D1241F0040ED49 /* Project object */ = {
			isa = PBXProject;
			attributes = {
				BuildIndependentTargetsInParallel = 1;
				LastSwiftUpdateCheck = 1340;
				LastUpgradeCheck = 1340;
				TargetAttributes = {
					527666A728D1241F0040ED49 = {
						CreatedOnToolsVersion = 13.4;
					};
				};
			};
			buildConfigurationList = 527666A328D1241F0040ED49 /* Build configuration list for PBXProject "Wavether" */;
			compatibilityVersion = "Xcode 13.0";
			developmentRegion = en;
			hasScannedForEncodings = 0;
			knownRegions = (
				en,
				Base,
			);
			mainGroup = 5276669F28D1241F0040ED49;
			productRefGroup = 527666A928D1241F0040ED49 /* Products */;
			projectDirPath = "";
			projectRoot = "";
			targets = (
				527666A728D1241F0040ED49 /* Wavether */,
			);
		};
/* End PBXProject section */

/* Begin PBXResourcesBuildPhase section */
		527666A628D1241F0040ED49 /* Resources */ = {
			isa = PBXResourcesBuildPhase;
			buildActionMask = 2147483647;
			files = (
				527666B328D1241F0040ED49 /* Preview Assets.xcassets in Resources */,
				529A0C2A28D242B500C5369B /* weatherData.json in Resources */,
				527666B028D1241F0040ED49 /* Assets.xcassets in Resources */,
			);
			runOnlyForDeploymentPostprocessing = 0;
		};
/* End PBXResourcesBuildPhase section */

/* Begin PBXSourcesBuildPhase section */
		527666A428D1241F0040ED49 /* Sources */ = {
			isa = PBXSourcesBuildPhase;
			buildActionMask = 2147483647;
			files = (
				529A0C2128D23BDC00C5369B /* WeatherView.swift in Sources */,
				529A0C2328D23DFA00C5369B /* Extensions.swift in Sources */,
				527666BE28D130F10040ED49 /* WeatherService.swift in Sources */,
				527666AE28D1241F0040ED49 /* ContentView.swift in Sources */,
				527666BB28D12D7D0040ED49 /* Waves.swift in Sources */,
				527666AC28D1241F0040ED49 /* WavetherApp.swift in Sources */,
				529A0C2628D2424A00C5369B /* ModelData.swift in Sources */,
			);
			runOnlyForDeploymentPostprocessing = 0;
		};
/* End PBXSourcesBuildPhase section */

/* Begin XCBuildConfiguration section */
		527666B428D1241F0040ED49 /* Debug */ = {
			isa = XCBuildConfiguration;
			buildSettings = {
				ALWAYS_SEARCH_USER_PATHS = NO;
				CLANG_ANALYZER_NONNULL = YES;
				CLANG_ANALYZER_NUMBER_OBJECT_CONVERSION = YES_AGGRESSIVE;
				CLANG_CXX_LANGUAGE_STANDARD = "gnu++17";
				CLANG_ENABLE_MODULES = YES;
				CLANG_ENABLE_OBJC_ARC = YES;
				CLANG_ENABLE_OBJC_WEAK = YES;
				CLANG_WARN_BLOCK_CAPTURE_AUTORELEASING = YES;
				CLANG_WARN_BOOL_CONVERSION = YES;
				CLANG_WARN_COMMA = YES;
				CLANG_WARN_CONSTANT_CONVERSION = YES;
				CLANG_WARN_DEPRECATED_OBJC_IMPLEMENTATIONS = YES;
				CLANG_WARN_DIRECT_OBJC_ISA_USAGE = YES_ERROR;
				CLANG_WARN_DOCUMENTATION_COMMENTS = YES;
				CLANG_WARN_EMPTY_BODY = YES;
				CLANG_WARN_ENUM_CONVERSION = YES;
				CLANG_WARN_INFINITE_RECURSION = YES;
				CLANG_WARN_INT_CONVERSION = YES;
				CLANG_WARN_NON_LITERAL_NULL_CONVERSION = YES;
				CLANG_WARN_OBJC_IMPLICIT_RETAIN_SELF = YES;
				CLANG_WARN_OBJC_LITERAL_CONVERSION = YES;
				CLANG_WARN_OBJC_ROOT_CLASS = YES_ERROR;
				CLANG_WARN_QUOTED_INCLUDE_IN_FRAMEWORK_HEADER = YES;
				CLANG_WARN_RANGE_LOOP_ANALYSIS = YES;
				CLANG_WARN_STRICT_PROTOTYPES = YES;
				CLANG_WARN_SUSPICIOUS_MOVE = YES;
				CLANG_WARN_UNGUARDED_AVAILABILITY = YES_AGGRESSIVE;
				CLANG_WARN_UNREACHABLE_CODE = YES;
				CLANG_WARN__DUPLICATE_METHOD_MATCH = YES;
				COPY_PHASE_STRIP = NO;
				DEBUG_INFORMATION_FORMAT = dwarf;
				ENABLE_STRICT_OBJC_MSGSEND = YES;
				ENABLE_TESTABILITY = YES;
				GCC_C_LANGUAGE_STANDARD = gnu11;
				GCC_DYNAMIC_NO_PIC = NO;
				GCC_NO_COMMON_BLOCKS = YES;
				GCC_OPTIMIZATION_LEVEL = 0;
				GCC_PREPROCESSOR_DEFINITIONS = (
					"DEBUG=1",
					"$(inherited)",
				);
				GCC_WARN_64_TO_32_BIT_CONVERSION = YES;
				GCC_WARN_ABOUT_RETURN_TYPE = YES_ERROR;
				GCC_WARN_UNDECLARED_SELECTOR = YES;
				GCC_WARN_UNINITIALIZED_AUTOS = YES_AGGRESSIVE;
				GCC_WARN_UNUSED_FUNCTION = YES;
				GCC_WARN_UNUSED_VARIABLE = YES;
				IPHONEOS_DEPLOYMENT_TARGET = 15.5;
				MTL_ENABLE_DEBUG_INFO = INCLUDE_SOURCE;
				MTL_FAST_MATH = YES;
				ONLY_ACTIVE_ARCH = YES;
				SDKROOT = iphoneos;
				SWIFT_ACTIVE_COMPILATION_CONDITIONS = DEBUG;
				SWIFT_OPTIMIZATION_LEVEL = "-Onone";
			};
			name = Debug;
		};
		527666B528D1241F0040ED49 /* Release */ = {
			isa = XCBuildConfiguration;
			buildSettings = {
				ALWAYS_SEARCH_USER_PATHS = NO;
				CLANG_ANALYZER_NONNULL = YES;
				CLANG_ANALYZER_NUMBER_OBJECT_CONVERSION = YES_AGGRESSIVE;
				CLANG_CXX_LANGUAGE_STANDARD = "gnu++17";
				CLANG_ENABLE_MODULES = YES;
				CLANG_ENABLE_OBJC_ARC = YES;
				CLANG_ENABLE_OBJC_WEAK = YES;
				CLANG_WARN_BLOCK_CAPTURE_AUTORELEASING = YES;
				CLANG_WARN_BOOL_CONVERSION = YES;
				CLANG_WARN_COMMA = YES;
				CLANG_WARN_CONSTANT_CONVERSION = YES;
				CLANG_WARN_DEPRECATED_OBJC_IMPLEMENTATIONS = YES;
				CLANG_WARN_DIRECT_OBJC_ISA_USAGE = YES_ERROR;
				CLANG_WARN_DOCUMENTATION_COMMENTS = YES;
				CLANG_WARN_EMPTY_BODY = YES;
				CLANG_WARN_ENUM_CONVERSION = YES;
				CLANG_WARN_INFINITE_RECURSION = YES;
				CLANG_WARN_INT_CONVERSION = YES;
				CLANG_WARN_NON_LITERAL_NULL_CONVERSION = YES;
				CLANG_WARN_OBJC_IMPLICIT_RETAIN_SELF = YES;
				CLANG_WARN_OBJC_LITERAL_CONVERSION = YES;
				CLANG_WARN_OBJC_ROOT_CLASS = YES_ERROR;
				CLANG_WARN_QUOTED_INCLUDE_IN_FRAMEWORK_HEADER = YES;
				CLANG_WARN_RANGE_LOOP_ANALYSIS = YES;
				CLANG_WARN_STRICT_PROTOTYPES = YES;
				CLANG_WARN_SUSPICIOUS_MOVE = YES;
				CLANG_WARN_UNGUARDED_AVAILABILITY = YES_AGGRESSIVE;
				CLANG_WARN_UNREACHABLE_CODE = YES;
				CLANG_WARN__DUPLICATE_METHOD_MATCH = YES;
				COPY_PHASE_STRIP = NO;
				DEBUG_INFORMATION_FORMAT = "dwarf-with-dsym";
				ENABLE_NS_ASSERTIONS = NO;
				ENABLE_STRICT_OBJC_MSGSEND = YES;
				GCC_C_LANGUAGE_STANDARD = gnu11;
				GCC_NO_COMMON_BLOCKS = YES;
				GCC_WARN_64_TO_32_BIT_CONVERSION = YES;
				GCC_WARN_ABOUT_RETURN_TYPE = YES_ERROR;
				GCC_WARN_UNDECLARED_SELECTOR = YES;
				GCC_WARN_UNINITIALIZED_AUTOS = YES_AGGRESSIVE;
				GCC_WARN_UNUSED_FUNCTION = YES;
				GCC_WARN_UNUSED_VARIABLE = YES;
				IPHONEOS_DEPLOYMENT_TARGET = 15.5;
				MTL_ENABLE_DEBUG_INFO = NO;
				MTL_FAST_MATH = YES;
				SDKROOT = iphoneos;
				SWIFT_COMPILATION_MODE = wholemodule;
				SWIFT_OPTIMIZATION_LEVEL = "-O";
				VALIDATE_PRODUCT = YES;
			};
			name = Release;
		};
		527666B728D1241F0040ED49 /* Debug */ = {
			isa = XCBuildConfiguration;
			buildSettings = {
				ASSETCATALOG_COMPILER_APPICON_NAME = AppIcon;
				ASSETCATALOG_COMPILER_GLOBAL_ACCENT_COLOR_NAME = AccentColor;
				CODE_SIGN_STYLE = Automatic;
				CURRENT_PROJECT_VERSION = 1;
				DEVELOPMENT_ASSET_PATHS = "\"Wavether/Preview Content\"";
				DEVELOPMENT_TEAM = QZ46JW4C9U;
				ENABLE_PREVIEWS = YES;
				GENERATE_INFOPLIST_FILE = YES;
				INFOPLIST_KEY_UIApplicationSceneManifest_Generation = YES;
				INFOPLIST_KEY_UIApplicationSupportsIndirectInputEvents = YES;
				INFOPLIST_KEY_UILaunchScreen_Generation = YES;
				INFOPLIST_KEY_UISupportedInterfaceOrientations_iPad = "UIInterfaceOrientationPortrait UIInterfaceOrientationPortraitUpsideDown UIInterfaceOrientationLandscapeLeft UIInterfaceOrientationLandscapeRight";
				INFOPLIST_KEY_UISupportedInterfaceOrientations_iPhone = "UIInterfaceOrientationPortrait UIInterfaceOrientationLandscapeLeft UIInterfaceOrientationLandscapeRight";
				LD_RUNPATH_SEARCH_PATHS = (
					"$(inherited)",
					"@executable_path/Frameworks",
				);
				MARKETING_VERSION = 1.0;
				PRODUCT_BUNDLE_IDENTIFIER = mcantop.Wavether;
				PRODUCT_NAME = "$(TARGET_NAME)";
				SWIFT_EMIT_LOC_STRINGS = YES;
				SWIFT_VERSION = 5.0;
				TARGETED_DEVICE_FAMILY = "1,2";
			};
			name = Debug;
		};
		527666B828D1241F0040ED49 /* Release */ = {
			isa = XCBuildConfiguration;
			buildSettings = {
				ASSETCATALOG_COMPILER_APPICON_NAME = AppIcon;
				ASSETCATALOG_COMPILER_GLOBAL_ACCENT_COLOR_NAME = AccentColor;
				CODE_SIGN_STYLE = Automatic;
				CURRENT_PROJECT_VERSION = 1;
				DEVELOPMENT_ASSET_PATHS = "\"Wavether/Preview Content\"";
				DEVELOPMENT_TEAM = QZ46JW4C9U;
				ENABLE_PREVIEWS = YES;
				GENERATE_INFOPLIST_FILE = YES;
				INFOPLIST_KEY_UIApplicationSceneManifest_Generation = YES;
				INFOPLIST_KEY_UIApplicationSupportsIndirectInputEvents = YES;
				INFOPLIST_KEY_UILaunchScreen_Generation = YES;
				INFOPLIST_KEY_UISupportedInterfaceOrientations_iPad = "UIInterfaceOrientationPortrait UIInterfaceOrientationPortraitUpsideDown UIInterfaceOrientationLandscapeLeft UIInterfaceOrientationLandscapeRight";
				INFOPLIST_KEY_UISupportedInterfaceOrientations_iPhone = "UIInterfaceOrientationPortrait UIInterfaceOrientationLandscapeLeft UIInterfaceOrientationLandscapeRight";
				LD_RUNPATH_SEARCH_PATHS = (
					"$(inherited)",
					"@executable_path/Frameworks",
				);
				MARKETING_VERSION = 1.0;
				PRODUCT_BUNDLE_IDENTIFIER = mcantop.Wavether;
				PRODUCT_NAME = "$(TARGET_NAME)";
				SWIFT_EMIT_LOC_STRINGS = YES;
				SWIFT_VERSION = 5.0;
				TARGETED_DEVICE_FAMILY = "1,2";
			};
			name = Release;
		};
/* End XCBuildConfiguration section */

/* Begin XCConfigurationList section */
		527666A328D1241F0040ED49 /* Build configuration list for PBXProject "Wavether" */ = {
			isa = XCConfigurationList;
			buildConfigurations = (
				527666B428D1241F0040ED49 /* Debug */,
				527666B528D1241F0040ED49 /* Release */,
			);
			defaultConfigurationIsVisible = 0;
			defaultConfigurationName = Release;
		};
		527666B628D1241F0040ED49 /* Build configuration list for PBXNativeTarget "Wavether" */ = {
			isa = XCConfigurationList;
			buildConfigurations = (
				527666B728D1241F0040ED49 /* Debug */,
				527666B828D1241F0040ED49 /* Release */,
			);
			defaultConfigurationIsVisible = 0;
			defaultConfigurationName = Release;
		};
/* End XCConfigurationList section */
	};
	rootObject = 527666A028D1241F0040ED49 /* Project object */;
}
